// !$*UTF8*$!
{
	archiveVersion = 1;
	classes = {
	};
	objectVersion = 51;
	objects = {

/* Begin PBXBuildFile section */
		040F636722410CC1002B0598 /* NSData+YPHexString.m in Sources */ = {isa = PBXBuildFile; fileRef = 040F636622410CC1002B0598 /* NSData+YPHexString.m */; };
		04279C20222CC40C001FC02C /* AppDelegate.m in Sources */ = {isa = PBXBuildFile; fileRef = 04279C1F222CC40C001FC02C /* AppDelegate.m */; };
		04279C23222CC40C001FC02C /* ViewController.m in Sources */ = {isa = PBXBuildFile; fileRef = 04279C22222CC40C001FC02C /* ViewController.m */; };
		04279C26222CC40C001FC02C /* Main.storyboard in Resources */ = {isa = PBXBuildFile; fileRef = 04279C24222CC40C001FC02C /* Main.storyboard */; };
		04279C29222CC40C001FC02C /* BLESample.xcdatamodeld in Sources */ = {isa = PBXBuildFile; fileRef = 04279C27222CC40C001FC02C /* BLESample.xcdatamodeld */; };
		04279C2B222CC40E001FC02C /* Assets.xcassets in Resources */ = {isa = PBXBuildFile; fileRef = 04279C2A222CC40E001FC02C /* Assets.xcassets */; };
		04279C2E222CC40E001FC02C /* LaunchScreen.storyboard in Resources */ = {isa = PBXBuildFile; fileRef = 04279C2C222CC40E001FC02C /* LaunchScreen.storyboard */; };
		04279C31222CC40E001FC02C /* main.m in Sources */ = {isa = PBXBuildFile; fileRef = 04279C30222CC40E001FC02C /* main.m */; };
		04279C3B222CC40E001FC02C /* BLESampleTests.m in Sources */ = {isa = PBXBuildFile; fileRef = 04279C3A222CC40E001FC02C /* BLESampleTests.m */; };
		04279C46222CC40E001FC02C /* BLESampleUITests.m in Sources */ = {isa = PBXBuildFile; fileRef = 04279C45222CC40E001FC02C /* BLESampleUITests.m */; };
		04279D8D222E61C2001FC02C /* YPBlueViewController.m in Sources */ = {isa = PBXBuildFile; fileRef = 04279D58222E61C2001FC02C /* YPBlueViewController.m */; };
		04279D8E222E61C2001FC02C /* YPBleManager.m in Sources */ = {isa = PBXBuildFile; fileRef = 04279D5A222E61C2001FC02C /* YPBleManager.m */; };
		04279D8F222E61C2001FC02C /* YPBleConst.m in Sources */ = {isa = PBXBuildFile; fileRef = 04279D5F222E61C2001FC02C /* YPBleConst.m */; };
		04279D90222E61C2001FC02C /* YPBleDevice.m in Sources */ = {isa = PBXBuildFile; fileRef = 04279D60222E61C2001FC02C /* YPBleDevice.m */; };
		04279D91222E61C2001FC02C /* YPSUOTA.m in Sources */ = {isa = PBXBuildFile; fileRef = 04279D62222E61C2001FC02C /* YPSUOTA.m */; };
		04279D92222E61C2001FC02C /* FileTableViewController.m in Sources */ = {isa = PBXBuildFile; fileRef = 04279D63222E61C2001FC02C /* FileTableViewController.m */; };
		04279D9F222E61C2001FC02C /* YPUpgradeViewController.m in Sources */ = {isa = PBXBuildFile; fileRef = 04279D84222E61C2001FC02C /* YPUpgradeViewController.m */; };
		04279DA0222E61C2001FC02C /* YPDeviceViewController.m in Sources */ = {isa = PBXBuildFile; fileRef = 04279D85222E61C2001FC02C /* YPDeviceViewController.m */; };
		04279DA1222E61C2001FC02C /* SOCBluetoothWriteData.m in Sources */ = {isa = PBXBuildFile; fileRef = 04279D89222E61C2001FC02C /* SOCBluetoothWriteData.m */; };
		04279DA2222E61C2001FC02C /* YPCmdViewController.m in Sources */ = {isa = PBXBuildFile; fileRef = 04279D8C222E61C2001FC02C /* YPCmdViewController.m */; };
		04279DB7222E61CD001FC02C /* UIColor+YPColours.m in Sources */ = {isa = PBXBuildFile; fileRef = 04279DA6222E61CC001FC02C /* UIColor+YPColours.m */; };
		04279DB9222E61CD001FC02C /* UIWebView+YPJSContext.m in Sources */ = {isa = PBXBuildFile; fileRef = 04279DAA222E61CC001FC02C /* UIWebView+YPJSContext.m */; };
		04279DBA222E61CD001FC02C /* UITableView+Extension.m in Sources */ = {isa = PBXBuildFile; fileRef = 04279DAB222E61CC001FC02C /* UITableView+Extension.m */; };
		04279DBB222E61CD001FC02C /* UIDevice+YPSysInfo.m in Sources */ = {isa = PBXBuildFile; fileRef = 04279DAD222E61CC001FC02C /* UIDevice+YPSysInfo.m */; };
		04279DBC222E61CD001FC02C /* NSObject+YPProperty.m in Sources */ = {isa = PBXBuildFile; fileRef = 04279DAF222E61CD001FC02C /* NSObject+YPProperty.m */; };
		04279DBD222E61CD001FC02C /* NSString+YPHexString.m in Sources */ = {isa = PBXBuildFile; fileRef = 04279DB0222E61CD001FC02C /* NSString+YPHexString.m */; };
		04279DBE222E61CD001FC02C /* NSString+YPMessageDigest.m in Sources */ = {isa = PBXBuildFile; fileRef = 04279DB4222E61CD001FC02C /* NSString+YPMessageDigest.m */; };
		042958BE224DB10200496C8E /* ObjdectModel.m in Sources */ = {isa = PBXBuildFile; fileRef = 042958BD224DB10200496C8E /* ObjdectModel.m */; };
		045072522268726D008B4C60 /* YPNordicDFU.m in Sources */ = {isa = PBXBuildFile; fileRef = 045072512268726D008B4C60 /* YPNordicDFU.m */; };
		0475F00E255E3E7300D330A4 /* NSObject+YPClass.m in Sources */ = {isa = PBXBuildFile; fileRef = 0475F00D255E3E7300D330A4 /* NSObject+YPClass.m */; };
		0487E3FC25345AAB002F4780 /* UIScreen+NotchScreen.m in Sources */ = {isa = PBXBuildFile; fileRef = 0487E3FB25345AAB002F4780 /* UIScreen+NotchScreen.m */; };
		04998B5F22923F0500AE418E /* CBCharacteristic+YPExtension.m in Sources */ = {isa = PBXBuildFile; fileRef = 04998B5E22923F0500AE418E /* CBCharacteristic+YPExtension.m */; };
		04998B622292530700AE418E /* CBUUID+YPExtension.m in Sources */ = {isa = PBXBuildFile; fileRef = 04998B612292530700AE418E /* CBUUID+YPExtension.m */; };
		04AB1D58227E9C8C00B801E9 /* libSOCDFUSDK.a in Frameworks */ = {isa = PBXBuildFile; fileRef = 04AB1D57227E9C8C00B801E9 /* libSOCDFUSDK.a */; };
		04FFB3302397521B004E26C5 /* NSDate+YPExtension.m in Sources */ = {isa = PBXBuildFile; fileRef = 04FFB32F2397521A004E26C5 /* NSDate+YPExtension.m */; };
		15A8507B22A621FA00223C9E /* 1.mp3 in Resources */ = {isa = PBXBuildFile; fileRef = 15A8507A22A621FA00223C9E /* 1.mp3 */; };
		15A8507C22A64BAD00223C9E /* OperationType.m in Sources */ = {isa = PBXBuildFile; fileRef = 15A8507722A6145B00223C9E /* OperationType.m */; };
		15A8507E22A656A100223C9E /* 5.mp3 in Resources */ = {isa = PBXBuildFile; fileRef = 15A8507D22A656A000223C9E /* 5.mp3 */; };
		B8F8F49422E5521C00E7195B /* YPLoggerViewController.m in Sources */ = {isa = PBXBuildFile; fileRef = B8F8F49322E5521C00E7195B /* YPLoggerViewController.m */; };
		F3BAF91295E8E70D5686937F /* Pods_BLESample.framework in Frameworks */ = {isa = PBXBuildFile; fileRef = A5F1E157C40F6D5DA2751736 /* Pods_BLESample.framework */; };
/* End PBXBuildFile section */

/* Begin PBXContainerItemProxy section */
		04279C37222CC40E001FC02C /* PBXContainerItemProxy */ = {
			isa = PBXContainerItemProxy;
			containerPortal = 04279C13222CC40C001FC02C /* Project object */;
			proxyType = 1;
			remoteGlobalIDString = 04279C1A222CC40C001FC02C;
			remoteInfo = BLESample;
		};
		04279C42222CC40E001FC02C /* PBXContainerItemProxy */ = {
			isa = PBXContainerItemProxy;
			containerPortal = 04279C13222CC40C001FC02C /* Project object */;
			proxyType = 1;
			remoteGlobalIDString = 04279C1A222CC40C001FC02C;
			remoteInfo = BLESample;
		};
/* End PBXContainerItemProxy section */

/* Begin PBXFileReference section */
		040F62EB223B429E002B0598 /* CoreBluetooth+Extension.h */ = {isa = PBXFileReference; lastKnownFileType = sourcecode.c.h; path = "CoreBluetooth+Extension.h"; sourceTree = "<group>"; };
		040F63142241047B002B0598 /* BLESample-Bridging-Header.h */ = {isa = PBXFileReference; lastKnownFileType = sourcecode.c.h; path = "BLESample-Bridging-Header.h"; sourceTree = "<group>"; };
		040F636522410CC1002B0598 /* NSData+YPHexString.h */ = {isa = PBXFileReference; lastKnownFileType = sourcecode.c.h; path = "NSData+YPHexString.h"; sourceTree = "<group>"; };
		040F636622410CC1002B0598 /* NSData+YPHexString.m */ = {isa = PBXFileReference; lastKnownFileType = sourcecode.c.objc; path = "NSData+YPHexString.m"; sourceTree = "<group>"; };
		04279C1B222CC40C001FC02C /* BLESample.app */ = {isa = PBXFileReference; explicitFileType = wrapper.application; includeInIndex = 0; path = BLESample.app; sourceTree = BUILT_PRODUCTS_DIR; };
		04279C1E222CC40C001FC02C /* AppDelegate.h */ = {isa = PBXFileReference; lastKnownFileType = sourcecode.c.h; path = AppDelegate.h; sourceTree = "<group>"; };
		04279C1F222CC40C001FC02C /* AppDelegate.m */ = {isa = PBXFileReference; lastKnownFileType = sourcecode.c.objc; path = AppDelegate.m; sourceTree = "<group>"; };
		04279C21222CC40C001FC02C /* ViewController.h */ = {isa = PBXFileReference; lastKnownFileType = sourcecode.c.h; path = ViewController.h; sourceTree = "<group>"; };
		04279C22222CC40C001FC02C /* ViewController.m */ = {isa = PBXFileReference; lastKnownFileType = sourcecode.c.objc; path = ViewController.m; sourceTree = "<group>"; };
		04279C25222CC40C001FC02C /* Base */ = {isa = PBXFileReference; lastKnownFileType = file.storyboard; name = Base; path = Base.lproj/Main.storyboard; sourceTree = "<group>"; };
		04279C28222CC40C001FC02C /* BLESample.xcdatamodel */ = {isa = PBXFileReference; lastKnownFileType = wrapper.xcdatamodel; path = BLESample.xcdatamodel; sourceTree = "<group>"; };
		04279C2A222CC40E001FC02C /* Assets.xcassets */ = {isa = PBXFileReference; lastKnownFileType = folder.assetcatalog; path = Assets.xcassets; sourceTree = "<group>"; };
		04279C2D222CC40E001FC02C /* Base */ = {isa = PBXFileReference; lastKnownFileType = file.storyboard; name = Base; path = Base.lproj/LaunchScreen.storyboard; sourceTree = "<group>"; };
		04279C2F222CC40E001FC02C /* Info.plist */ = {isa = PBXFileReference; lastKnownFileType = text.plist.xml; path = Info.plist; sourceTree = "<group>"; };
		04279C30222CC40E001FC02C /* main.m */ = {isa = PBXFileReference; lastKnownFileType = sourcecode.c.objc; path = main.m; sourceTree = "<group>"; };
		04279C36222CC40E001FC02C /* BLESampleTests.xctest */ = {isa = PBXFileReference; explicitFileType = wrapper.cfbundle; includeInIndex = 0; path = BLESampleTests.xctest; sourceTree = BUILT_PRODUCTS_DIR; };
		04279C3A222CC40E001FC02C /* BLESampleTests.m */ = {isa = PBXFileReference; lastKnownFileType = sourcecode.c.objc; path = BLESampleTests.m; sourceTree = "<group>"; };
		04279C3C222CC40E001FC02C /* Info.plist */ = {isa = PBXFileReference; lastKnownFileType = text.plist.xml; path = Info.plist; sourceTree = "<group>"; };
		04279C41222CC40E001FC02C /* BLESampleUITests.xctest */ = {isa = PBXFileReference; explicitFileType = wrapper.cfbundle; includeInIndex = 0; path = BLESampleUITests.xctest; sourceTree = BUILT_PRODUCTS_DIR; };
		04279C45222CC40E001FC02C /* BLESampleUITests.m */ = {isa = PBXFileReference; lastKnownFileType = sourcecode.c.objc; path = BLESampleUITests.m; sourceTree = "<group>"; };
		04279C47222CC40E001FC02C /* Info.plist */ = {isa = PBXFileReference; lastKnownFileType = text.plist.xml; path = Info.plist; sourceTree = "<group>"; };
		04279CDC222CF5EB001FC02C /* PrefixHeader.pch */ = {isa = PBXFileReference; lastKnownFileType = sourcecode.c.h; path = PrefixHeader.pch; sourceTree = "<group>"; };
		04279D57222E61C2001FC02C /* YPDeviceViewController.h */ = {isa = PBXFileReference; fileEncoding = 4; lastKnownFileType = sourcecode.c.h; path = YPDeviceViewController.h; sourceTree = "<group>"; };
		04279D58222E61C2001FC02C /* YPBlueViewController.m */ = {isa = PBXFileReference; fileEncoding = 4; lastKnownFileType = sourcecode.c.objc; path = YPBlueViewController.m; sourceTree = "<group>"; };
		04279D5A222E61C2001FC02C /* YPBleManager.m */ = {isa = PBXFileReference; fileEncoding = 4; lastKnownFileType = sourcecode.c.objc; path = YPBleManager.m; sourceTree = "<group>"; };
		04279D5B222E61C2001FC02C /* YPBleConst.h */ = {isa = PBXFileReference; fileEncoding = 4; lastKnownFileType = sourcecode.c.h; path = YPBleConst.h; sourceTree = "<group>"; };
		04279D5C222E61C2001FC02C /* YPBleDevice.h */ = {isa = PBXFileReference; fileEncoding = 4; lastKnownFileType = sourcecode.c.h; path = YPBleDevice.h; sourceTree = "<group>"; };
		04279D5D222E61C2001FC02C /* YPSUOTA.h */ = {isa = PBXFileReference; fileEncoding = 4; lastKnownFileType = sourcecode.c.h; path = YPSUOTA.h; sourceTree = "<group>"; };
		04279D5E222E61C2001FC02C /* YPBleManager.h */ = {isa = PBXFileReference; fileEncoding = 4; lastKnownFileType = sourcecode.c.h; path = YPBleManager.h; sourceTree = "<group>"; };
		04279D5F222E61C2001FC02C /* YPBleConst.m */ = {isa = PBXFileReference; fileEncoding = 4; lastKnownFileType = sourcecode.c.objc; path = YPBleConst.m; sourceTree = "<group>"; };
		04279D60222E61C2001FC02C /* YPBleDevice.m */ = {isa = PBXFileReference; fileEncoding = 4; lastKnownFileType = sourcecode.c.objc; path = YPBleDevice.m; sourceTree = "<group>"; };
		04279D61222E61C2001FC02C /* YPBlueDefines.h */ = {isa = PBXFileReference; fileEncoding = 4; lastKnownFileType = sourcecode.c.h; path = YPBlueDefines.h; sourceTree = "<group>"; };
		04279D62222E61C2001FC02C /* YPSUOTA.m */ = {isa = PBXFileReference; fileEncoding = 4; lastKnownFileType = sourcecode.c.objc; path = YPSUOTA.m; sourceTree = "<group>"; };
		04279D63222E61C2001FC02C /* FileTableViewController.m */ = {isa = PBXFileReference; fileEncoding = 4; lastKnownFileType = sourcecode.c.objc; path = FileTableViewController.m; sourceTree = "<group>"; };
		04279D83222E61C2001FC02C /* YPCmdViewController.h */ = {isa = PBXFileReference; fileEncoding = 4; lastKnownFileType = sourcecode.c.h; path = YPCmdViewController.h; sourceTree = "<group>"; };
		04279D84222E61C2001FC02C /* YPUpgradeViewController.m */ = {isa = PBXFileReference; fileEncoding = 4; lastKnownFileType = sourcecode.c.objc; path = YPUpgradeViewController.m; sourceTree = "<group>"; };
		04279D85222E61C2001FC02C /* YPDeviceViewController.m */ = {isa = PBXFileReference; fileEncoding = 4; lastKnownFileType = sourcecode.c.objc; path = YPDeviceViewController.m; sourceTree = "<group>"; };
		04279D86222E61C2001FC02C /* FileTableViewController.h */ = {isa = PBXFileReference; fileEncoding = 4; lastKnownFileType = sourcecode.c.h; path = FileTableViewController.h; sourceTree = "<group>"; };
		04279D88222E61C2001FC02C /* SOCBluetoothWriteData.h */ = {isa = PBXFileReference; fileEncoding = 4; lastKnownFileType = sourcecode.c.h; path = SOCBluetoothWriteData.h; sourceTree = "<group>"; };
		04279D89222E61C2001FC02C /* SOCBluetoothWriteData.m */ = {isa = PBXFileReference; fileEncoding = 4; lastKnownFileType = sourcecode.c.objc; path = SOCBluetoothWriteData.m; sourceTree = "<group>"; };
		04279D8A222E61C2001FC02C /* YPBlueViewController.h */ = {isa = PBXFileReference; fileEncoding = 4; lastKnownFileType = sourcecode.c.h; path = YPBlueViewController.h; sourceTree = "<group>"; };
		04279D8B222E61C2001FC02C /* YPUpgradeViewController.h */ = {isa = PBXFileReference; fileEncoding = 4; lastKnownFileType = sourcecode.c.h; path = YPUpgradeViewController.h; sourceTree = "<group>"; };
		04279D8C222E61C2001FC02C /* YPCmdViewController.m */ = {isa = PBXFileReference; fileEncoding = 4; lastKnownFileType = sourcecode.c.objc; path = YPCmdViewController.m; sourceTree = "<group>"; };
		04279DA4222E61CC001FC02C /* NSString+YPHexString.h */ = {isa = PBXFileReference; fileEncoding = 4; lastKnownFileType = sourcecode.c.h; path = "NSString+YPHexString.h"; sourceTree = "<group>"; };
		04279DA5222E61CC001FC02C /* NSObject+YPProperty.h */ = {isa = PBXFileReference; fileEncoding = 4; lastKnownFileType = sourcecode.c.h; path = "NSObject+YPProperty.h"; sourceTree = "<group>"; };
		04279DA6222E61CC001FC02C /* UIColor+YPColours.m */ = {isa = PBXFileReference; fileEncoding = 4; lastKnownFileType = sourcecode.c.objc; path = "UIColor+YPColours.m"; sourceTree = "<group>"; };
		04279DA7222E61CC001FC02C /* YPCategory.h */ = {isa = PBXFileReference; fileEncoding = 4; lastKnownFileType = sourcecode.c.h; path = YPCategory.h; sourceTree = "<group>"; };
		04279DA9222E61CC001FC02C /* NSString+YPMessageDigest.h */ = {isa = PBXFileReference; fileEncoding = 4; lastKnownFileType = sourcecode.c.h; path = "NSString+YPMessageDigest.h"; sourceTree = "<group>"; };
		04279DAA222E61CC001FC02C /* UIWebView+YPJSContext.m */ = {isa = PBXFileReference; fileEncoding = 4; lastKnownFileType = sourcecode.c.objc; path = "UIWebView+YPJSContext.m"; sourceTree = "<group>"; };
		04279DAB222E61CC001FC02C /* UITableView+Extension.m */ = {isa = PBXFileReference; fileEncoding = 4; lastKnownFileType = sourcecode.c.objc; path = "UITableView+Extension.m"; sourceTree = "<group>"; };
		04279DAD222E61CC001FC02C /* UIDevice+YPSysInfo.m */ = {isa = PBXFileReference; fileEncoding = 4; lastKnownFileType = sourcecode.c.objc; path = "UIDevice+YPSysInfo.m"; sourceTree = "<group>"; };
		04279DAE222E61CD001FC02C /* UIDevice+YPSysInfo.h */ = {isa = PBXFileReference; fileEncoding = 4; lastKnownFileType = sourcecode.c.h; path = "UIDevice+YPSysInfo.h"; sourceTree = "<group>"; };
		04279DAF222E61CD001FC02C /* NSObject+YPProperty.m */ = {isa = PBXFileReference; fileEncoding = 4; lastKnownFileType = sourcecode.c.objc; path = "NSObject+YPProperty.m"; sourceTree = "<group>"; };
		04279DB0222E61CD001FC02C /* NSString+YPHexString.m */ = {isa = PBXFileReference; fileEncoding = 4; lastKnownFileType = sourcecode.c.objc; path = "NSString+YPHexString.m"; sourceTree = "<group>"; };
		04279DB1222E61CD001FC02C /* UIColor+YPColours.h */ = {isa = PBXFileReference; fileEncoding = 4; lastKnownFileType = sourcecode.c.h; path = "UIColor+YPColours.h"; sourceTree = "<group>"; };
		04279DB3222E61CD001FC02C /* UIWebView+YPJSContext.h */ = {isa = PBXFileReference; fileEncoding = 4; lastKnownFileType = sourcecode.c.h; path = "UIWebView+YPJSContext.h"; sourceTree = "<group>"; };
		04279DB4222E61CD001FC02C /* NSString+YPMessageDigest.m */ = {isa = PBXFileReference; fileEncoding = 4; lastKnownFileType = sourcecode.c.objc; path = "NSString+YPMessageDigest.m"; sourceTree = "<group>"; };
		04279DB6222E61CD001FC02C /* UITableView+Extension.h */ = {isa = PBXFileReference; fileEncoding = 4; lastKnownFileType = sourcecode.c.h; path = "UITableView+Extension.h"; sourceTree = "<group>"; };
		04FBA92625676A5000D9EB91 /* NSString+YPNumberBaseConversion.h */ = {isa = PBXFileReference; lastKnownFileType = sourcecode.c.h; path = "NSString+YPNumberBaseConversion.h"; sourceTree = "<group>"; };
		04FBA92725676A5000D9EB91 /* NSString+YPNumberBaseConversion.m */ = {isa = PBXFileReference; lastKnownFileType = sourcecode.c.objc; path = "NSString+YPNumberBaseConversion.m"; sourceTree = "<group>"; };
		042958BC224DB10200496C8E /* ObjdectModel.h */ = {isa = PBXFileReference; lastKnownFileType = sourcecode.c.h; path = ObjdectModel.h; sourceTree = "<group>"; };
		042958BD224DB10200496C8E /* ObjdectModel.m */ = {isa = PBXFileReference; lastKnownFileType = sourcecode.c.objc; path = ObjdectModel.m; sourceTree = "<group>"; };
		0442981E256E149400D7CF4D /* YPBleMacro.h */ = {isa = PBXFileReference; fileEncoding = 4; lastKnownFileType = sourcecode.c.h; path = YPBleMacro.h; sourceTree = "<group>"; };
		045072502268726D008B4C60 /* YPNordicDFU.h */ = {isa = PBXFileReference; fileEncoding = 4; lastKnownFileType = sourcecode.c.h; path = YPNordicDFU.h; sourceTree = "<group>"; };
		045072512268726D008B4C60 /* YPNordicDFU.m */ = {isa = PBXFileReference; fileEncoding = 4; lastKnownFileType = sourcecode.c.objc; path = YPNordicDFU.m; sourceTree = "<group>"; };
		0475F00C255E3E7300D330A4 /* NSObject+YPClass.h */ = {isa = PBXFileReference; fileEncoding = 4; lastKnownFileType = sourcecode.c.h; path = "NSObject+YPClass.h"; sourceTree = "<group>"; };
		0475F00D255E3E7300D330A4 /* NSObject+YPClass.m */ = {isa = PBXFileReference; fileEncoding = 4; lastKnownFileType = sourcecode.c.objc; path = "NSObject+YPClass.m"; sourceTree = "<group>"; };
		0487E3FA25345AAB002F4780 /* UIScreen+NotchScreen.h */ = {isa = PBXFileReference; lastKnownFileType = sourcecode.c.h; path = "UIScreen+NotchScreen.h"; sourceTree = "<group>"; };
		0487E3FB25345AAB002F4780 /* UIScreen+NotchScreen.m */ = {isa = PBXFileReference; lastKnownFileType = sourcecode.c.objc; path = "UIScreen+NotchScreen.m"; sourceTree = "<group>"; };
		04998B5D22923F0500AE418E /* CBCharacteristic+YPExtension.h */ = {isa = PBXFileReference; lastKnownFileType = sourcecode.c.h; path = "CBCharacteristic+YPExtension.h"; sourceTree = "<group>"; };
		04998B5E22923F0500AE418E /* CBCharacteristic+YPExtension.m */ = {isa = PBXFileReference; lastKnownFileType = sourcecode.c.objc; path = "CBCharacteristic+YPExtension.m"; sourceTree = "<group>"; };
		04998B602292530700AE418E /* CBUUID+YPExtension.h */ = {isa = PBXFileReference; lastKnownFileType = sourcecode.c.h; path = "CBUUID+YPExtension.h"; sourceTree = "<group>"; };
		04998B612292530700AE418E /* CBUUID+YPExtension.m */ = {isa = PBXFileReference; lastKnownFileType = sourcecode.c.objc; path = "CBUUID+YPExtension.m"; sourceTree = "<group>"; };
		04AB1D56227E9C8C00B801E9 /* SOCDFUManager.h */ = {isa = PBXFileReference; fileEncoding = 4; lastKnownFileType = sourcecode.c.h; path = SOCDFUManager.h; sourceTree = "<group>"; };
		04AB1D57227E9C8C00B801E9 /* libSOCDFUSDK.a */ = {isa = PBXFileReference; lastKnownFileType = archive.ar; path = libSOCDFUSDK.a; sourceTree = "<group>"; };
		04AB1D5A227EC80300B801E9 /* YPFoundation.h */ = {isa = PBXFileReference; lastKnownFileType = sourcecode.c.h; path = YPFoundation.h; sourceTree = "<group>"; };
		04AB1D5C227ECB4100B801E9 /* YPUIKit.h */ = {isa = PBXFileReference; lastKnownFileType = sourcecode.c.h; path = YPUIKit.h; sourceTree = "<group>"; };
		04FFB32E2397521A004E26C5 /* NSDate+YPExtension.h */ = {isa = PBXFileReference; lastKnownFileType = sourcecode.c.h; path = "NSDate+YPExtension.h"; sourceTree = "<group>"; };
		04FFB32F2397521A004E26C5 /* NSDate+YPExtension.m */ = {isa = PBXFileReference; lastKnownFileType = sourcecode.c.objc; path = "NSDate+YPExtension.m"; sourceTree = "<group>"; };
		15A8507622A6145B00223C9E /* OperationType.h */ = {isa = PBXFileReference; lastKnownFileType = sourcecode.c.h; path = OperationType.h; sourceTree = "<group>"; };
		15A8507722A6145B00223C9E /* OperationType.m */ = {isa = PBXFileReference; lastKnownFileType = sourcecode.c.objc; path = OperationType.m; sourceTree = "<group>"; };
		15A8507A22A621FA00223C9E /* 1.mp3 */ = {isa = PBXFileReference; lastKnownFileType = audio.mp3; path = 1.mp3; sourceTree = "<group>"; };
		15A8507D22A656A000223C9E /* 5.mp3 */ = {isa = PBXFileReference; lastKnownFileType = audio.mp3; path = 5.mp3; sourceTree = "<group>"; };
		15A8507F22A7562100223C9E /* CBPeripheral+YPExtension.h */ = {isa = PBXFileReference; lastKnownFileType = sourcecode.c.h; path = "CBPeripheral+YPExtension.h"; sourceTree = "<group>"; };
		15A8508022A7562100223C9E /* CBPeripheral+YPExtension.m */ = {isa = PBXFileReference; lastKnownFileType = sourcecode.c.objc; path = "CBPeripheral+YPExtension.m"; sourceTree = "<group>"; };
		42F56A2759F0007A6DA244B7 /* Pods-BLESample.release.xcconfig */ = {isa = PBXFileReference; includeInIndex = 1; lastKnownFileType = text.xcconfig; name = "Pods-BLESample.release.xcconfig"; path = "Pods/Target Support Files/Pods-BLESample/Pods-BLESample.release.xcconfig"; sourceTree = "<group>"; };
		50CDBF392844C42E6255B02E /* Pods-BLESample.debug.xcconfig */ = {isa = PBXFileReference; includeInIndex = 1; lastKnownFileType = text.xcconfig; name = "Pods-BLESample.debug.xcconfig"; path = "Pods/Target Support Files/Pods-BLESample/Pods-BLESample.debug.xcconfig"; sourceTree = "<group>"; };
		A5F1E157C40F6D5DA2751736 /* Pods_BLESample.framework */ = {isa = PBXFileReference; explicitFileType = wrapper.framework; includeInIndex = 0; path = Pods_BLESample.framework; sourceTree = BUILT_PRODUCTS_DIR; };
		B8F8F49222E5521C00E7195B /* YPLoggerViewController.h */ = {isa = PBXFileReference; lastKnownFileType = sourcecode.c.h; path = YPLoggerViewController.h; sourceTree = "<group>"; };
		B8F8F49322E5521C00E7195B /* YPLoggerViewController.m */ = {isa = PBXFileReference; lastKnownFileType = sourcecode.c.objc; path = YPLoggerViewController.m; sourceTree = "<group>"; };
/* End PBXFileReference section */

/* Begin PBXFrameworksBuildPhase section */
		04279C18222CC40C001FC02C /* Frameworks */ = {
			isa = PBXFrameworksBuildPhase;
			buildActionMask = 2147483647;
			files = (
				04AB1D58227E9C8C00B801E9 /* libSOCDFUSDK.a in Frameworks */,
				F3BAF91295E8E70D5686937F /* Pods_BLESample.framework in Frameworks */,
			);
			runOnlyForDeploymentPostprocessing = 0;
		};
		04279C33222CC40E001FC02C /* Frameworks */ = {
			isa = PBXFrameworksBuildPhase;
			buildActionMask = 2147483647;
			files = (
			);
			runOnlyForDeploymentPostprocessing = 0;
		};
		04279C3E222CC40E001FC02C /* Frameworks */ = {
			isa = PBXFrameworksBuildPhase;
			buildActionMask = 2147483647;
			files = (
			);
			runOnlyForDeploymentPostprocessing = 0;
		};
/* End PBXFrameworksBuildPhase section */

/* Begin PBXGroup section */
		04279C12222CC40C001FC02C = {
			isa = PBXGroup;
			children = (
				04279DA3222E61CC001FC02C /* YPCategory */,
				04279C1D222CC40C001FC02C /* BLESample */,
				04279C39222CC40E001FC02C /* BLESampleTests */,
				04279C44222CC40E001FC02C /* BLESampleUITests */,
				04279C1C222CC40C001FC02C /* Products */,
				D7E150D1C1E725B17A49A9FC /* Pods */,
				9D917F94A7245CFDC24F0B80 /* Frameworks */,
			);
			sourceTree = "<group>";
		};
		04279C1C222CC40C001FC02C /* Products */ = {
			isa = PBXGroup;
			children = (
				04279C1B222CC40C001FC02C /* BLESample.app */,
				04279C36222CC40E001FC02C /* BLESampleTests.xctest */,
				04279C41222CC40E001FC02C /* BLESampleUITests.xctest */,
			);
			name = Products;
			sourceTree = "<group>";
		};
		04279C1D222CC40C001FC02C /* BLESample */ = {
			isa = PBXGroup;
			children = (
				04279D56222E61C2001FC02C /* Bluetooth */,
				04279C1E222CC40C001FC02C /* AppDelegate.h */,
				04279C1F222CC40C001FC02C /* AppDelegate.m */,
				042958BC224DB10200496C8E /* ObjdectModel.h */,
				042958BD224DB10200496C8E /* ObjdectModel.m */,
				04279C21222CC40C001FC02C /* ViewController.h */,
				04279C22222CC40C001FC02C /* ViewController.m */,
				04279C24222CC40C001FC02C /* Main.storyboard */,
				04279C2A222CC40E001FC02C /* Assets.xcassets */,
				04279C2C222CC40E001FC02C /* LaunchScreen.storyboard */,
				04279C2F222CC40E001FC02C /* Info.plist */,
				04279C30222CC40E001FC02C /* main.m */,
				04279CDC222CF5EB001FC02C /* PrefixHeader.pch */,
				15A8507922A621D600223C9E /* Resources */,
				040F63142241047B002B0598 /* BLESample-Bridging-Header.h */,
				04279C27222CC40C001FC02C /* BLESample.xcdatamodeld */,
			);
			path = BLESample;
			sourceTree = "<group>";
		};
		04279C39222CC40E001FC02C /* BLESampleTests */ = {
			isa = PBXGroup;
			children = (
				04279C3A222CC40E001FC02C /* BLESampleTests.m */,
				04279C3C222CC40E001FC02C /* Info.plist */,
			);
			path = BLESampleTests;
			sourceTree = "<group>";
		};
		04279C44222CC40E001FC02C /* BLESampleUITests */ = {
			isa = PBXGroup;
			children = (
				04279C45222CC40E001FC02C /* BLESampleUITests.m */,
				04279C47222CC40E001FC02C /* Info.plist */,
			);
			path = BLESampleUITests;
			sourceTree = "<group>";
		};
		04279D56222E61C2001FC02C /* Bluetooth */ = {
			isa = PBXGroup;
			children = (
				04592B2D256E04340026EC44 /* CoreBluetooth+Extension */,
				04AB1D47227E8E1400B801E9 /* SOCDFUSDK */,
				04279D87222E61C2001FC02C /* CommunicationProtocol */,
				04279D59222E61C2001FC02C /* YPBleManager */,
				04592B65256E0C150026EC44 /* NordicDFU */,
				04FFB33123976A77004E26C5 /* SUOTA */,
				04279D8A222E61C2001FC02C /* YPBlueViewController.h */,
				04279D58222E61C2001FC02C /* YPBlueViewController.m */,
				04279D57222E61C2001FC02C /* YPDeviceViewController.h */,
				04279D85222E61C2001FC02C /* YPDeviceViewController.m */,
				04279D8B222E61C2001FC02C /* YPUpgradeViewController.h */,
				04279D84222E61C2001FC02C /* YPUpgradeViewController.m */,
				04279D86222E61C2001FC02C /* FileTableViewController.h */,
				04279D63222E61C2001FC02C /* FileTableViewController.m */,
				04279D83222E61C2001FC02C /* YPCmdViewController.h */,
				04279D8C222E61C2001FC02C /* YPCmdViewController.m */,
				B8F8F49222E5521C00E7195B /* YPLoggerViewController.h */,
				B8F8F49322E5521C00E7195B /* YPLoggerViewController.m */,
			);
			path = Bluetooth;
			sourceTree = "<group>";
		};
		04279D59222E61C2001FC02C /* YPBleManager */ = {
			isa = PBXGroup;
			children = (
				0442981E256E149400D7CF4D /* YPBleMacro.h */,
				04279D5B222E61C2001FC02C /* YPBleConst.h */,
				04279D5F222E61C2001FC02C /* YPBleConst.m */,
				04279D5E222E61C2001FC02C /* YPBleManager.h */,
				04279D5A222E61C2001FC02C /* YPBleManager.m */,
				04279D5C222E61C2001FC02C /* YPBleDevice.h */,
				04279D60222E61C2001FC02C /* YPBleDevice.m */,
			);
			path = YPBleManager;
			sourceTree = "<group>";
		};
		04279D87222E61C2001FC02C /* CommunicationProtocol */ = {
			isa = PBXGroup;
			children = (
				15A8507622A6145B00223C9E /* OperationType.h */,
				15A8507722A6145B00223C9E /* OperationType.m */,
				04279D88222E61C2001FC02C /* SOCBluetoothWriteData.h */,
				04279D89222E61C2001FC02C /* SOCBluetoothWriteData.m */,
			);
			path = CommunicationProtocol;
			sourceTree = "<group>";
		};
		04279DA3222E61CC001FC02C /* YPCategory */ = {
			isa = PBXGroup;
			children = (
				04279DA7222E61CC001FC02C /* YPCategory.h */,
				04AB1D59227EC78000B801E9 /* Foundation */,
				04AB1D5B227ECA9F00B801E9 /* UIKit */,
			);
			path = YPCategory;
			sourceTree = "<group>";
		};
		04592B2D256E04340026EC44 /* CoreBluetooth+Extension */ = {
			isa = PBXGroup;
			children = (
				040F62EB223B429E002B0598 /* CoreBluetooth+Extension.h */,
				04998B5D22923F0500AE418E /* CBCharacteristic+YPExtension.h */,
				04998B5E22923F0500AE418E /* CBCharacteristic+YPExtension.m */,
				04998B602292530700AE418E /* CBUUID+YPExtension.h */,
				04998B612292530700AE418E /* CBUUID+YPExtension.m */,
				15A8507F22A7562100223C9E /* CBPeripheral+YPExtension.h */,
				15A8508022A7562100223C9E /* CBPeripheral+YPExtension.m */,
			);
			path = "CoreBluetooth+Extension";
			sourceTree = "<group>";
		};
		04592B65256E0C150026EC44 /* NordicDFU */ = {
			isa = PBXGroup;
			children = (
				045072502268726D008B4C60 /* YPNordicDFU.h */,
				045072512268726D008B4C60 /* YPNordicDFU.m */,
			);
			path = NordicDFU;
			sourceTree = "<group>";
		};
		04AB1D47227E8E1400B801E9 /* SOCDFUSDK */ = {
			isa = PBXGroup;
			children = (
				04AB1D57227E9C8C00B801E9 /* libSOCDFUSDK.a */,
				04AB1D56227E9C8C00B801E9 /* SOCDFUManager.h */,
			);
			path = SOCDFUSDK;
			sourceTree = "<group>";
		};
		04AB1D59227EC78000B801E9 /* Foundation */ = {
			isa = PBXGroup;
			children = (
				04AB1D5A227EC80300B801E9 /* YPFoundation.h */,
				040F636522410CC1002B0598 /* NSData+YPHexString.h */,
				040F636622410CC1002B0598 /* NSData+YPHexString.m */,
				04279DA4222E61CC001FC02C /* NSString+YPHexString.h */,
				04279DB0222E61CD001FC02C /* NSString+YPHexString.m */,
				04FBA92625676A5000D9EB91 /* NSString+YPNumberBaseConversion.h */,
				04FBA92725676A5000D9EB91 /* NSString+YPNumberBaseConversion.m */,
				04279DA9222E61CC001FC02C /* NSString+YPMessageDigest.h */,
				04279DB4222E61CD001FC02C /* NSString+YPMessageDigest.m */,
				0475F00C255E3E7300D330A4 /* NSObject+YPClass.h */,
				0475F00D255E3E7300D330A4 /* NSObject+YPClass.m */,
				04279DA5222E61CC001FC02C /* NSObject+YPProperty.h */,
				04279DAF222E61CD001FC02C /* NSObject+YPProperty.m */,
				04FFB32E2397521A004E26C5 /* NSDate+YPExtension.h */,
				04FFB32F2397521A004E26C5 /* NSDate+YPExtension.m */,
			);
			path = Foundation;
			sourceTree = "<group>";
		};
		04AB1D5B227ECA9F00B801E9 /* UIKit */ = {
			isa = PBXGroup;
			children = (
				04AB1D5C227ECB4100B801E9 /* YPUIKit.h */,
				04279DAE222E61CD001FC02C /* UIDevice+YPSysInfo.h */,
				04279DAD222E61CC001FC02C /* UIDevice+YPSysInfo.m */,
				0487E3FA25345AAB002F4780 /* UIScreen+NotchScreen.h */,
				0487E3FB25345AAB002F4780 /* UIScreen+NotchScreen.m */,
				04279DB1222E61CD001FC02C /* UIColor+YPColours.h */,
				04279DA6222E61CC001FC02C /* UIColor+YPColours.m */,
				04279DB3222E61CD001FC02C /* UIWebView+YPJSContext.h */,
				04279DAA222E61CC001FC02C /* UIWebView+YPJSContext.m */,
				04279DB6222E61CD001FC02C /* UITableView+Extension.h */,
				04279DAB222E61CC001FC02C /* UITableView+Extension.m */,
			);
			path = UIKit;
			sourceTree = "<group>";
		};
		04FFB33123976A77004E26C5 /* SUOTA */ = {
			isa = PBXGroup;
			children = (
				04279D61222E61C2001FC02C /* YPBlueDefines.h */,
				04279D5D222E61C2001FC02C /* YPSUOTA.h */,
				04279D62222E61C2001FC02C /* YPSUOTA.m */,
			);
			path = SUOTA;
			sourceTree = "<group>";
		};
		15A8507922A621D600223C9E /* Resources */ = {
			isa = PBXGroup;
			children = (
				15A8507D22A656A000223C9E /* 5.mp3 */,
				15A8507A22A621FA00223C9E /* 1.mp3 */,
			);
			path = Resources;
			sourceTree = "<group>";
		};
		9D917F94A7245CFDC24F0B80 /* Frameworks */ = {
			isa = PBXGroup;
			children = (
				A5F1E157C40F6D5DA2751736 /* Pods_BLESample.framework */,
			);
			name = Frameworks;
			sourceTree = "<group>";
		};
		D7E150D1C1E725B17A49A9FC /* Pods */ = {
			isa = PBXGroup;
			children = (
				50CDBF392844C42E6255B02E /* Pods-BLESample.debug.xcconfig */,
				42F56A2759F0007A6DA244B7 /* Pods-BLESample.release.xcconfig */,
			);
			name = Pods;
			sourceTree = "<group>";
		};
/* End PBXGroup section */

/* Begin PBXNativeTarget section */
		04279C1A222CC40C001FC02C /* BLESample */ = {
			isa = PBXNativeTarget;
			buildConfigurationList = 04279C4A222CC40E001FC02C /* Build configuration list for PBXNativeTarget "BLESample" */;
			buildPhases = (
				312F46BC5CB0A93DB3928FB0 /* [CP] Check Pods Manifest.lock */,
				04279C17222CC40C001FC02C /* Sources */,
				04279C18222CC40C001FC02C /* Frameworks */,
				04279C19222CC40C001FC02C /* Resources */,
				EB01E2DD33FD74C7353433B7 /* [CP] Embed Pods Frameworks */,
			);
			buildRules = (
			);
			dependencies = (
			);
			name = BLESample;
			productName = BLESample;
			productReference = 04279C1B222CC40C001FC02C /* BLESample.app */;
			productType = "com.apple.product-type.application";
		};
		04279C35222CC40E001FC02C /* BLESampleTests */ = {
			isa = PBXNativeTarget;
			buildConfigurationList = 04279C4D222CC40E001FC02C /* Build configuration list for PBXNativeTarget "BLESampleTests" */;
			buildPhases = (
				04279C32222CC40E001FC02C /* Sources */,
				04279C33222CC40E001FC02C /* Frameworks */,
				04279C34222CC40E001FC02C /* Resources */,
			);
			buildRules = (
			);
			dependencies = (
				04279C38222CC40E001FC02C /* PBXTargetDependency */,
			);
			name = BLESampleTests;
			productName = BLESampleTests;
			productReference = 04279C36222CC40E001FC02C /* BLESampleTests.xctest */;
			productType = "com.apple.product-type.bundle.unit-test";
		};
		04279C40222CC40E001FC02C /* BLESampleUITests */ = {
			isa = PBXNativeTarget;
			buildConfigurationList = 04279C50222CC40E001FC02C /* Build configuration list for PBXNativeTarget "BLESampleUITests" */;
			buildPhases = (
				04279C3D222CC40E001FC02C /* Sources */,
				04279C3E222CC40E001FC02C /* Frameworks */,
				04279C3F222CC40E001FC02C /* Resources */,
			);
			buildRules = (
			);
			dependencies = (
				04279C43222CC40E001FC02C /* PBXTargetDependency */,
			);
			name = BLESampleUITests;
			productName = BLESampleUITests;
			productReference = 04279C41222CC40E001FC02C /* BLESampleUITests.xctest */;
			productType = "com.apple.product-type.bundle.ui-testing";
		};
/* End PBXNativeTarget section */

/* Begin PBXProject section */
		04279C13222CC40C001FC02C /* Project object */ = {
			isa = PBXProject;
			attributes = {
				LastUpgradeCheck = 1010;
				ORGANIZATIONNAME = heyupeng;
				TargetAttributes = {
					04279C1A222CC40C001FC02C = {
						CreatedOnToolsVersion = 10.1;
						LastSwiftMigration = 1010;
					};
					04279C35222CC40E001FC02C = {
						CreatedOnToolsVersion = 10.1;
						TestTargetID = 04279C1A222CC40C001FC02C;
					};
					04279C40222CC40E001FC02C = {
						CreatedOnToolsVersion = 10.1;
						TestTargetID = 04279C1A222CC40C001FC02C;
					};
				};
			};
			buildConfigurationList = 04279C16222CC40C001FC02C /* Build configuration list for PBXProject "BLESample" */;
			compatibilityVersion = "Xcode 9.3";
			developmentRegion = en;
			hasScannedForEncodings = 0;
			knownRegions = (
				en,
				Base,
			);
			mainGroup = 04279C12222CC40C001FC02C;
			productRefGroup = 04279C1C222CC40C001FC02C /* Products */;
			projectDirPath = "";
			projectRoot = "";
			targets = (
				04279C1A222CC40C001FC02C /* BLESample */,
				04279C35222CC40E001FC02C /* BLESampleTests */,
				04279C40222CC40E001FC02C /* BLESampleUITests */,
			);
		};
/* End PBXProject section */

/* Begin PBXResourcesBuildPhase section */
		04279C19222CC40C001FC02C /* Resources */ = {
			isa = PBXResourcesBuildPhase;
			buildActionMask = 2147483647;
			files = (
				15A8507B22A621FA00223C9E /* 1.mp3 in Resources */,
				15A8507E22A656A100223C9E /* 5.mp3 in Resources */,
				04279C2E222CC40E001FC02C /* LaunchScreen.storyboard in Resources */,
				04279C2B222CC40E001FC02C /* Assets.xcassets in Resources */,
				04279C26222CC40C001FC02C /* Main.storyboard in Resources */,
			);
			runOnlyForDeploymentPostprocessing = 0;
		};
		04279C34222CC40E001FC02C /* Resources */ = {
			isa = PBXResourcesBuildPhase;
			buildActionMask = 2147483647;
			files = (
			);
			runOnlyForDeploymentPostprocessing = 0;
		};
		04279C3F222CC40E001FC02C /* Resources */ = {
			isa = PBXResourcesBuildPhase;
			buildActionMask = 2147483647;
			files = (
			);
			runOnlyForDeploymentPostprocessing = 0;
		};
/* End PBXResourcesBuildPhase section */

/* Begin PBXShellScriptBuildPhase section */
		312F46BC5CB0A93DB3928FB0 /* [CP] Check Pods Manifest.lock */ = {
			isa = PBXShellScriptBuildPhase;
			buildActionMask = 2147483647;
			files = (
			);
			inputPaths = (
				"${PODS_PODFILE_DIR_PATH}/Podfile.lock",
				"${PODS_ROOT}/Manifest.lock",
			);
			name = "[CP] Check Pods Manifest.lock";
			outputPaths = (
				"$(DERIVED_FILE_DIR)/Pods-BLESample-checkManifestLockResult.txt",
			);
			runOnlyForDeploymentPostprocessing = 0;
			shellPath = /bin/sh;
			shellScript = "diff \"${PODS_PODFILE_DIR_PATH}/Podfile.lock\" \"${PODS_ROOT}/Manifest.lock\" > /dev/null\nif [ $? != 0 ] ; then\n    # print error to STDERR\n    echo \"error: The sandbox is not in sync with the Podfile.lock. Run 'pod install' or update your CocoaPods installation.\" >&2\n    exit 1\nfi\n# This output is used by Xcode 'outputs' to avoid re-running this script phase.\necho \"SUCCESS\" > \"${SCRIPT_OUTPUT_FILE_0}\"\n";
			showEnvVarsInLog = 0;
		};
		EB01E2DD33FD74C7353433B7 /* [CP] Embed Pods Frameworks */ = {
			isa = PBXShellScriptBuildPhase;
			buildActionMask = 2147483647;
			files = (
			);
			inputFileListPaths = (
				"${PODS_ROOT}/Target Support Files/Pods-BLESample/Pods-BLESample-frameworks-${CONFIGURATION}-input-files.xcfilelist",
			);
			name = "[CP] Embed Pods Frameworks";
			outputFileListPaths = (
				"${PODS_ROOT}/Target Support Files/Pods-BLESample/Pods-BLESample-frameworks-${CONFIGURATION}-output-files.xcfilelist",
			);
			runOnlyForDeploymentPostprocessing = 0;
			shellPath = /bin/sh;
			shellScript = "\"${PODS_ROOT}/Target Support Files/Pods-BLESample/Pods-BLESample-frameworks.sh\"\n";
			showEnvVarsInLog = 0;
		};
/* End PBXShellScriptBuildPhase section */

/* Begin PBXSourcesBuildPhase section */
		04279C17222CC40C001FC02C /* Sources */ = {
			isa = PBXSourcesBuildPhase;
			buildActionMask = 2147483647;
			files = (
				04FFB3302397521B004E26C5 /* NSDate+YPExtension.m in Sources */,
				15A8507C22A64BAD00223C9E /* OperationType.m in Sources */,
				04279D90222E61C2001FC02C /* YPBleDevice.m in Sources */,
				04279DBB222E61CD001FC02C /* UIDevice+YPSysInfo.m in Sources */,
				04279DB7222E61CD001FC02C /* UIColor+YPColours.m in Sources */,
				04279D8D222E61C2001FC02C /* YPBlueViewController.m in Sources */,
				04279DA0222E61C2001FC02C /* YPDeviceViewController.m in Sources */,
				040F636722410CC1002B0598 /* NSData+YPHexString.m in Sources */,
				04279DBD222E61CD001FC02C /* NSString+YPHexString.m in Sources */,
				04279DBE222E61CD001FC02C /* NSString+YPMessageDigest.m in Sources */,
				04FBA92825676A5000D9EB91 /* NSString+YPNumberBaseConversion.m in Sources */,
                04FFB3302397521B004E26C5 /* NSDate+YPExtension.m in Sources */,
				04279DBA222E61CD001FC02C /* UITableView+Extension.m in Sources */,
				04279D8F222E61C2001FC02C /* YPBleConst.m in Sources */,
				042958BE224DB10200496C8E /* ObjdectModel.m in Sources */,
				04279DA2222E61C2001FC02C /* YPCmdViewController.m in Sources */,
				04279C23222CC40C001FC02C /* ViewController.m in Sources */,
				04998B622292530700AE418E /* CBUUID+YPExtension.m in Sources */,
				04279C29222CC40C001FC02C /* BLESample.xcdatamodeld in Sources */,
				B8F8F49422E5521C00E7195B /* YPLoggerViewController.m in Sources */,
				04279C31222CC40E001FC02C /* main.m in Sources */,
				04998B5F22923F0500AE418E /* CBCharacteristic+YPExtension.m in Sources */,
				04279DA1222E61C2001FC02C /* SOCBluetoothWriteData.m in Sources */,
				045072522268726D008B4C60 /* YPNordicDFU.m in Sources */,
				04279DBC222E61CD001FC02C /* NSObject+YPProperty.m in Sources */,
				15A8508122A7562100223C9E /* CBPeripheral+YPExtension.m in Sources */,
				0487E3FC25345AAB002F4780 /* UIScreen+NotchScreen.m in Sources */,
				04279D8E222E61C2001FC02C /* YPBleManager.m in Sources */,
				04279DB9222E61CD001FC02C /* UIWebView+YPJSContext.m in Sources */,
				04279D92222E61C2001FC02C /* FileTableViewController.m in Sources */,
				040F636722410CC1002B0598 /* NSData+YPHexString.m in Sources */,
				04279D9F222E61C2001FC02C /* YPUpgradeViewController.m in Sources */,
				04279DBD222E61CD001FC02C /* NSString+YPHexString.m in Sources */,
				04279C20222CC40C001FC02C /* AppDelegate.m in Sources */,
				04279D91222E61C2001FC02C /* YPSUOTA.m in Sources */,
				04279DBE222E61CD001FC02C /* NSString+YPMessageDigest.m in Sources */,
				04279DBC222E61CD001FC02C /* NSObject+YPProperty.m in Sources */,
				0475F00E255E3E7300D330A4 /* NSObject+YPClass.m in Sources */,
				042958BE224DB10200496C8E /* ObjdectModel.m in Sources */,
			);
			runOnlyForDeploymentPostprocessing = 0;
		};
		04279C32222CC40E001FC02C /* Sources */ = {
			isa = PBXSourcesBuildPhase;
			buildActionMask = 2147483647;
			files = (
				04279C3B222CC40E001FC02C /* BLESampleTests.m in Sources */,
			);
			runOnlyForDeploymentPostprocessing = 0;
		};
		04279C3D222CC40E001FC02C /* Sources */ = {
			isa = PBXSourcesBuildPhase;
			buildActionMask = 2147483647;
			files = (
				04279C46222CC40E001FC02C /* BLESampleUITests.m in Sources */,
			);
			runOnlyForDeploymentPostprocessing = 0;
		};
/* End PBXSourcesBuildPhase section */

/* Begin PBXTargetDependency section */
		04279C38222CC40E001FC02C /* PBXTargetDependency */ = {
			isa = PBXTargetDependency;
			target = 04279C1A222CC40C001FC02C /* BLESample */;
			targetProxy = 04279C37222CC40E001FC02C /* PBXContainerItemProxy */;
		};
		04279C43222CC40E001FC02C /* PBXTargetDependency */ = {
			isa = PBXTargetDependency;
			target = 04279C1A222CC40C001FC02C /* BLESample */;
			targetProxy = 04279C42222CC40E001FC02C /* PBXContainerItemProxy */;
		};
/* End PBXTargetDependency section */

/* Begin PBXVariantGroup section */
		04279C24222CC40C001FC02C /* Main.storyboard */ = {
			isa = PBXVariantGroup;
			children = (
				04279C25222CC40C001FC02C /* Base */,
			);
			name = Main.storyboard;
			sourceTree = "<group>";
		};
		04279C2C222CC40E001FC02C /* LaunchScreen.storyboard */ = {
			isa = PBXVariantGroup;
			children = (
				04279C2D222CC40E001FC02C /* Base */,
			);
			name = LaunchScreen.storyboard;
			sourceTree = "<group>";
		};
/* End PBXVariantGroup section */

/* Begin XCBuildConfiguration section */
		04279C48222CC40E001FC02C /* Debug */ = {
			isa = XCBuildConfiguration;
			buildSettings = {
				ALWAYS_SEARCH_USER_PATHS = NO;
				CLANG_ANALYZER_NONNULL = YES;
				CLANG_ANALYZER_NUMBER_OBJECT_CONVERSION = YES_AGGRESSIVE;
				CLANG_CXX_LANGUAGE_STANDARD = "gnu++14";
				CLANG_CXX_LIBRARY = "libc++";
				CLANG_ENABLE_MODULES = YES;
				CLANG_ENABLE_OBJC_ARC = YES;
				CLANG_ENABLE_OBJC_WEAK = YES;
				CLANG_WARN_BLOCK_CAPTURE_AUTORELEASING = YES;
				CLANG_WARN_BOOL_CONVERSION = YES;
				CLANG_WARN_COMMA = YES;
				CLANG_WARN_CONSTANT_CONVERSION = YES;
				CLANG_WARN_DEPRECATED_OBJC_IMPLEMENTATIONS = YES;
				CLANG_WARN_DIRECT_OBJC_ISA_USAGE = YES_ERROR;
				CLANG_WARN_DOCUMENTATION_COMMENTS = YES;
				CLANG_WARN_EMPTY_BODY = YES;
				CLANG_WARN_ENUM_CONVERSION = YES;
				CLANG_WARN_INFINITE_RECURSION = YES;
				CLANG_WARN_INT_CONVERSION = YES;
				CLANG_WARN_NON_LITERAL_NULL_CONVERSION = YES;
				CLANG_WARN_OBJC_IMPLICIT_RETAIN_SELF = YES;
				CLANG_WARN_OBJC_LITERAL_CONVERSION = YES;
				CLANG_WARN_OBJC_ROOT_CLASS = YES_ERROR;
				CLANG_WARN_RANGE_LOOP_ANALYSIS = YES;
				CLANG_WARN_STRICT_PROTOTYPES = YES;
				CLANG_WARN_SUSPICIOUS_MOVE = YES;
				CLANG_WARN_UNGUARDED_AVAILABILITY = YES_AGGRESSIVE;
				CLANG_WARN_UNREACHABLE_CODE = YES;
				CLANG_WARN__DUPLICATE_METHOD_MATCH = YES;
				CODE_SIGN_IDENTITY = "iPhone Developer";
				COPY_PHASE_STRIP = NO;
				DEBUG_INFORMATION_FORMAT = dwarf;
				ENABLE_STRICT_OBJC_MSGSEND = YES;
				ENABLE_TESTABILITY = YES;
				GCC_C_LANGUAGE_STANDARD = gnu11;
				GCC_DYNAMIC_NO_PIC = NO;
				GCC_NO_COMMON_BLOCKS = YES;
				GCC_OPTIMIZATION_LEVEL = 0;
				GCC_PREPROCESSOR_DEFINITIONS = (
					"DEBUG=1",
					"$(inherited)",
				);
				GCC_WARN_64_TO_32_BIT_CONVERSION = YES;
				GCC_WARN_ABOUT_RETURN_TYPE = YES_ERROR;
				GCC_WARN_UNDECLARED_SELECTOR = YES;
				GCC_WARN_UNINITIALIZED_AUTOS = YES_AGGRESSIVE;
				GCC_WARN_UNUSED_FUNCTION = YES;
				GCC_WARN_UNUSED_VARIABLE = YES;
				IPHONEOS_DEPLOYMENT_TARGET = 12.1;
				MTL_ENABLE_DEBUG_INFO = INCLUDE_SOURCE;
				MTL_FAST_MATH = YES;
				ONLY_ACTIVE_ARCH = YES;
				SDKROOT = iphoneos;
			};
			name = Debug;
		};
		04279C49222CC40E001FC02C /* Release */ = {
			isa = XCBuildConfiguration;
			buildSettings = {
				ALWAYS_SEARCH_USER_PATHS = NO;
				CLANG_ANALYZER_NONNULL = YES;
				CLANG_ANALYZER_NUMBER_OBJECT_CONVERSION = YES_AGGRESSIVE;
				CLANG_CXX_LANGUAGE_STANDARD = "gnu++14";
				CLANG_CXX_LIBRARY = "libc++";
				CLANG_ENABLE_MODULES = YES;
				CLANG_ENABLE_OBJC_ARC = YES;
				CLANG_ENABLE_OBJC_WEAK = YES;
				CLANG_WARN_BLOCK_CAPTURE_AUTORELEASING = YES;
				CLANG_WARN_BOOL_CONVERSION = YES;
				CLANG_WARN_COMMA = YES;
				CLANG_WARN_CONSTANT_CONVERSION = YES;
				CLANG_WARN_DEPRECATED_OBJC_IMPLEMENTATIONS = YES;
				CLANG_WARN_DIRECT_OBJC_ISA_USAGE = YES_ERROR;
				CLANG_WARN_DOCUMENTATION_COMMENTS = YES;
				CLANG_WARN_EMPTY_BODY = YES;
				CLANG_WARN_ENUM_CONVERSION = YES;
				CLANG_WARN_INFINITE_RECURSION = YES;
				CLANG_WARN_INT_CONVERSION = YES;
				CLANG_WARN_NON_LITERAL_NULL_CONVERSION = YES;
				CLANG_WARN_OBJC_IMPLICIT_RETAIN_SELF = YES;
				CLANG_WARN_OBJC_LITERAL_CONVERSION = YES;
				CLANG_WARN_OBJC_ROOT_CLASS = YES_ERROR;
				CLANG_WARN_RANGE_LOOP_ANALYSIS = YES;
				CLANG_WARN_STRICT_PROTOTYPES = YES;
				CLANG_WARN_SUSPICIOUS_MOVE = YES;
				CLANG_WARN_UNGUARDED_AVAILABILITY = YES_AGGRESSIVE;
				CLANG_WARN_UNREACHABLE_CODE = YES;
				CLANG_WARN__DUPLICATE_METHOD_MATCH = YES;
				CODE_SIGN_IDENTITY = "iPhone Developer";
				COPY_PHASE_STRIP = NO;
				DEBUG_INFORMATION_FORMAT = "dwarf-with-dsym";
				ENABLE_NS_ASSERTIONS = NO;
				ENABLE_STRICT_OBJC_MSGSEND = YES;
				GCC_C_LANGUAGE_STANDARD = gnu11;
				GCC_NO_COMMON_BLOCKS = YES;
				GCC_WARN_64_TO_32_BIT_CONVERSION = YES;
				GCC_WARN_ABOUT_RETURN_TYPE = YES_ERROR;
				GCC_WARN_UNDECLARED_SELECTOR = YES;
				GCC_WARN_UNINITIALIZED_AUTOS = YES_AGGRESSIVE;
				GCC_WARN_UNUSED_FUNCTION = YES;
				GCC_WARN_UNUSED_VARIABLE = YES;
				IPHONEOS_DEPLOYMENT_TARGET = 12.1;
				MTL_ENABLE_DEBUG_INFO = NO;
				MTL_FAST_MATH = YES;
				SDKROOT = iphoneos;
				VALIDATE_PRODUCT = YES;
			};
			name = Release;
		};
		04279C4B222CC40E001FC02C /* Debug */ = {
			isa = XCBuildConfiguration;
			baseConfigurationReference = 50CDBF392844C42E6255B02E /* Pods-BLESample.debug.xcconfig */;
			buildSettings = {
				ASSETCATALOG_COMPILER_APPICON_NAME = AppIcon;
				CLANG_ENABLE_MODULES = YES;
				CODE_SIGN_STYLE = Automatic;
				CURRENT_PROJECT_VERSION = 1;
				DEFINES_MODULE = NO;
				DEVELOPMENT_TEAM = MK49SZ4EMK;
				ENABLE_BITCODE = NO;
				GCC_PREFIX_HEADER = "$(SRCROOT)/BLESample/PrefixHeader.pch";
				INFOPLIST_FILE = BLESample/Info.plist;
				IPHONEOS_DEPLOYMENT_TARGET = 10;
				LD_RUNPATH_SEARCH_PATHS = (
					"$(inherited)",
					"@executable_path/Frameworks",
				);
				LIBRARY_SEARCH_PATHS = (
					"$(inherited)",
					"$(PROJECT_DIR)/BLESample/Bluetooth/SOCDFUSDK",
				);
				PRODUCT_BUNDLE_IDENTIFIER = com.sushi.BLESample;
				PRODUCT_NAME = "$(TARGET_NAME)";
				SWIFT_OBJC_BRIDGING_HEADER = "BLESample/BLESample-Bridging-Header.h";
				SWIFT_OPTIMIZATION_LEVEL = "-Onone";
				SWIFT_VERSION = 4.2;
				TARGETED_DEVICE_FAMILY = 1;
			};
			name = Debug;
		};
		04279C4C222CC40E001FC02C /* Release */ = {
			isa = XCBuildConfiguration;
			baseConfigurationReference = 42F56A2759F0007A6DA244B7 /* Pods-BLESample.release.xcconfig */;
			buildSettings = {
				ASSETCATALOG_COMPILER_APPICON_NAME = AppIcon;
				CLANG_ENABLE_MODULES = YES;
				CODE_SIGN_STYLE = Automatic;
				CURRENT_PROJECT_VERSION = 1;
				DEFINES_MODULE = NO;
				DEVELOPMENT_TEAM = MK49SZ4EMK;
				ENABLE_BITCODE = NO;
				GCC_PREFIX_HEADER = "$(SRCROOT)/BLESample/PrefixHeader.pch";
				INFOPLIST_FILE = BLESample/Info.plist;
				IPHONEOS_DEPLOYMENT_TARGET = 10;
				LD_RUNPATH_SEARCH_PATHS = (
					"$(inherited)",
					"@executable_path/Frameworks",
				);
				LIBRARY_SEARCH_PATHS = (
					"$(inherited)",
					"$(PROJECT_DIR)/BLESample/Bluetooth/SOCDFUSDK",
				);
				PRODUCT_BUNDLE_IDENTIFIER = com.sushi.BLESample;
				PRODUCT_NAME = "$(TARGET_NAME)";
				SWIFT_OBJC_BRIDGING_HEADER = "BLESample/BLESample-Bridging-Header.h";
				SWIFT_VERSION = 4.2;
				TARGETED_DEVICE_FAMILY = 1;
			};
			name = Release;
		};
		04279C4E222CC40E001FC02C /* Debug */ = {
			isa = XCBuildConfiguration;
			buildSettings = {
				BUNDLE_LOADER = "$(TEST_HOST)";
				CODE_SIGN_STYLE = Automatic;
				DEVELOPMENT_TEAM = MK49SZ4EMK;
				INFOPLIST_FILE = BLESampleTests/Info.plist;
				LD_RUNPATH_SEARCH_PATHS = (
					"$(inherited)",
					"@executable_path/Frameworks",
					"@loader_path/Frameworks",
				);
				PRODUCT_BUNDLE_IDENTIFIER = com.sushi.BLESampleTests;
				PRODUCT_NAME = "$(TARGET_NAME)";
				TARGETED_DEVICE_FAMILY = "1,2";
				TEST_HOST = "$(BUILT_PRODUCTS_DIR)/BLESample.app/BLESample";
			};
			name = Debug;
		};
		04279C4F222CC40E001FC02C /* Release */ = {
			isa = XCBuildConfiguration;
			buildSettings = {
				BUNDLE_LOADER = "$(TEST_HOST)";
				CODE_SIGN_STYLE = Automatic;
				DEVELOPMENT_TEAM = MK49SZ4EMK;
				INFOPLIST_FILE = BLESampleTests/Info.plist;
				LD_RUNPATH_SEARCH_PATHS = (
					"$(inherited)",
					"@executable_path/Frameworks",
					"@loader_path/Frameworks",
				);
				PRODUCT_BUNDLE_IDENTIFIER = com.sushi.BLESampleTests;
				PRODUCT_NAME = "$(TARGET_NAME)";
				TARGETED_DEVICE_FAMILY = "1,2";
				TEST_HOST = "$(BUILT_PRODUCTS_DIR)/BLESample.app/BLESample";
			};
			name = Release;
		};
		04279C51222CC40E001FC02C /* Debug */ = {
			isa = XCBuildConfiguration;
			buildSettings = {
				CODE_SIGN_STYLE = Automatic;
				DEVELOPMENT_TEAM = MK49SZ4EMK;
				INFOPLIST_FILE = BLESampleUITests/Info.plist;
				LD_RUNPATH_SEARCH_PATHS = (
					"$(inherited)",
					"@executable_path/Frameworks",
					"@loader_path/Frameworks",
				);
				PRODUCT_BUNDLE_IDENTIFIER = com.sushi.BLESampleUITests;
				PRODUCT_NAME = "$(TARGET_NAME)";
				TARGETED_DEVICE_FAMILY = "1,2";
				TEST_TARGET_NAME = BLESample;
			};
			name = Debug;
		};
		04279C52222CC40E001FC02C /* Release */ = {
			isa = XCBuildConfiguration;
			buildSettings = {
				CODE_SIGN_STYLE = Automatic;
				DEVELOPMENT_TEAM = MK49SZ4EMK;
				INFOPLIST_FILE = BLESampleUITests/Info.plist;
				LD_RUNPATH_SEARCH_PATHS = (
					"$(inherited)",
					"@executable_path/Frameworks",
					"@loader_path/Frameworks",
				);
				PRODUCT_BUNDLE_IDENTIFIER = com.sushi.BLESampleUITests;
				PRODUCT_NAME = "$(TARGET_NAME)";
				TARGETED_DEVICE_FAMILY = "1,2";
				TEST_TARGET_NAME = BLESample;
			};
			name = Release;
		};
/* End XCBuildConfiguration section */

/* Begin XCConfigurationList section */
		04279C16222CC40C001FC02C /* Build configuration list for PBXProject "BLESample" */ = {
			isa = XCConfigurationList;
			buildConfigurations = (
				04279C48222CC40E001FC02C /* Debug */,
				04279C49222CC40E001FC02C /* Release */,
			);
			defaultConfigurationIsVisible = 0;
			defaultConfigurationName = Release;
		};
		04279C4A222CC40E001FC02C /* Build configuration list for PBXNativeTarget "BLESample" */ = {
			isa = XCConfigurationList;
			buildConfigurations = (
				04279C4B222CC40E001FC02C /* Debug */,
				04279C4C222CC40E001FC02C /* Release */,
			);
			defaultConfigurationIsVisible = 0;
			defaultConfigurationName = Release;
		};
		04279C4D222CC40E001FC02C /* Build configuration list for PBXNativeTarget "BLESampleTests" */ = {
			isa = XCConfigurationList;
			buildConfigurations = (
				04279C4E222CC40E001FC02C /* Debug */,
				04279C4F222CC40E001FC02C /* Release */,
			);
			defaultConfigurationIsVisible = 0;
			defaultConfigurationName = Release;
		};
		04279C50222CC40E001FC02C /* Build configuration list for PBXNativeTarget "BLESampleUITests" */ = {
			isa = XCConfigurationList;
			buildConfigurations = (
				04279C51222CC40E001FC02C /* Debug */,
				04279C52222CC40E001FC02C /* Release */,
			);
			defaultConfigurationIsVisible = 0;
			defaultConfigurationName = Release;
		};
/* End XCConfigurationList section */

/* Begin XCVersionGroup section */
		04279C27222CC40C001FC02C /* BLESample.xcdatamodeld */ = {
			isa = XCVersionGroup;
			children = (
				04279C28222CC40C001FC02C /* BLESample.xcdatamodel */,
			);
			currentVersion = 04279C28222CC40C001FC02C /* BLESample.xcdatamodel */;
			path = BLESample.xcdatamodeld;
			sourceTree = "<group>";
			versionGroupType = wrapper.xcdatamodel;
		};
/* End XCVersionGroup section */
	};
	rootObject = 04279C13222CC40C001FC02C /* Project object */;
}
